
Microsoft Visual Studio Solution File, Format Version 12.00
# Visual Studio Version 17
VisualStudioVersion = 17.9.34622.214
MinimumVisualStudioVersion = 10.0.40219.1
Project("{FAE04EC0-301F-11D3-BF4B-00C04F79EFBC}") = "hesapMakinesi2", "hesapMakinesi2\hesapMakinesi2.csproj", "{ECE1FF91-6CD4-494F-882D-37EAC5D7670E}"
EndProject
Global
	GlobalSection(SolutionConfigurationPlatforms) = preSolution
		Debug|Any CPU = Debug|Any CPU
		Release|Any CPU = Release|Any CPU
	EndGlobalSection
	GlobalSection(ProjectConfigurationPlatforms) = postSolution
		{ECE1FF91-6CD4-494F-882D-37EAC5D7670E}.Debug|Any CPU.ActiveCfg = Debug|Any CPU
		{ECE1FF91-6CD4-494F-882D-37EAC5D7670E}.Debug|Any CPU.Build.0 = Debug|Any CPU
		{ECE1FF91-6CD4-494F-882D-37EAC5D7670E}.Release|Any CPU.ActiveCfg = Release|Any CPU
		{ECE1FF91-6CD4-494F-882D-37EAC5D7670E}.Release|Any CPU.Build.0 = Release|Any CPU
	EndGlobalSection
	GlobalSection(SolutionProperties) = preSolution
		HideSolutionNode = FALSE
	EndGlobalSection
	GlobalSection(ExtensibilityGlobals) = postSolution
		SolutionGuid = {B21E2CE5-268A-4A30-8E78-30F2C0EAAFF7}
	EndGlobalSection
EndGlobal
